<?xml version="1.0" encoding="utf-8"?>
<Project ToolsVersion="4.0" xmlns="http://schemas.microsoft.com/developer/msbuild/2003">
  <ItemGroup>
    <Filter Include="Fichiers sources">
      <UniqueIdentifier>{4FC737F1-C7A5-4376-A066-2A32D752A2FF}</UniqueIdentifier>
      <Extensions>cpp;c;cc;cxx;c++;cppm;ixx;def;odl;idl;hpj;bat;asm;asmx</Extensions>
    </Filter>
    <Filter Include="Fichiers d%27en-tête">
      <UniqueIdentifier>{93995380-89BD-4b04-88EB-625FBE52EBFB}</UniqueIdentifier>
      <Extensions>h;hh;hpp;hxx;h++;hm;inl;inc;ipp;xsd</Extensions>
    </Filter>
    <Filter Include="Fichiers de ressources">
      <UniqueIdentifier>{67DA6AB6-F800-4c08-8B7A-83BB121AAD01}</UniqueIdentifier>
      <Extensions>rc;ico;cur;bmp;dlg;rc2;rct;bin;rgs;gif;jpg;jpeg;jpe;resx;tiff;tif;png;wav;mfcribbon-ms</Extensions>
    </Filter>
  </ItemGroup>
  <ItemGroup>
    <ClCompile Include="src\backend\ethercat\ethercat.c">
      <Filter>Fichiers sources</Filter>
    </ClCompile>
    <ClCompile Include="src\devices\L230\L230_device.c">
      <Filter>Fichiers sources</Filter>
    </ClCompile>
    <ClCompile Include="src\devices\L230\L230_device_desc.c">
      <Filter>Fichiers sources</Filter>
    </ClCompile>
    <ClCompile Include="src\core\runtime\runtime.c">
      <Filter>Fichiers sources</Filter>
    </ClCompile>
    <ClCompile Include="src\devices\L230\L230_ethercat_desc.c">
      <Filter>Fichiers sources</Filter>
    </ClCompile>
    <ClCompile Include="src\backend\ethercat\ethercat_bind.c">
      <Filter>Fichiers sources</Filter>
    </ClCompile>
    <ClCompile Include="src\backend\ethercat\ethercat_thread.c">
      <Filter>Fichiers sources</Filter>
    </ClCompile>
    <ClCompile Include="src\core\plateform\win32\sleep.c">
      <Filter>Fichiers sources</Filter>
    </ClCompile>
    <ClCompile Include="src\core\time\time.c">
      <Filter>Fichiers sources</Filter>
    </ClCompile>
    <ClCompile Include="src\main.c">
      <Filter>Fichiers sources</Filter>
    </ClCompile>
    <ClCompile Include="src\app\plc_task1.c">
      <Filter>Fichiers sources</Filter>
    </ClCompile>
    <ClCompile Include="src\app\system_config.c">
      <Filter>Fichiers sources</Filter>
    </ClCompile>
    <ClCompile Include="src\core\scheduler\scheduler.c">
      <Filter>Fichiers sources</Filter>
    </ClCompile>
    <ClCompile Include="src\core\scheduler\scheduler_thread.c">
      <Filter>Fichiers sources</Filter>
    </ClCompile>
    <ClCompile Include="src\core\plateform\win32\thread.c">
      <Filter>Fichiers sources</Filter>
    </ClCompile>
    <ClCompile Include="src\core\plc\tags.c">
      <Filter>Fichiers sources</Filter>
    </ClCompile>
  </ItemGroup>
  <ItemGroup>
    <ClInclude Include="src\devices\L230\L230_device.h">
      <Filter>Fichiers d%27en-tête</Filter>
    </ClInclude>
    <ClInclude Include="src\devices\L230\L230_ethercat_pdo.h">
      <Filter>Fichiers d%27en-tête</Filter>
    </ClInclude>
    <ClInclude Include="src\core\device\device.h">
      <Filter>Fichiers d%27en-tête</Filter>
    </ClInclude>
    <ClInclude Include="src\core\backend\backend.h">
      <Filter>Fichiers d%27en-tête</Filter>
    </ClInclude>
    <ClInclude Include="src\backend\ethercat\ethercat.h">
      <Filter>Fichiers d%27en-tête</Filter>
    </ClInclude>
    <ClInclude Include="src\core\runtime\runtime.h">
      <Filter>Fichiers d%27en-tête</Filter>
    </ClInclude>
    <ClInclude Include="src\backend\ethercat\ethercat_slave_runtime.h">
      <Filter>Fichiers d%27en-tête</Filter>
    </ClInclude>
    <ClInclude Include="src\devices\L230\L230_ethercat_desc.h">
      <Filter>Fichiers d%27en-tête</Filter>
    </ClInclude>
    <ClInclude Include="src\devices\L230\L230_device_desc.h">
      <Filter>Fichiers d%27en-tête</Filter>
    </ClInclude>
    <ClInclude Include="src\config\config.h">
      <Filter>Fichiers d%27en-tête</Filter>
    </ClInclude>
    <ClInclude Include="src\backend\ethercat\ethercat_bind.h">
      <Filter>Fichiers d%27en-tête</Filter>
    </ClInclude>
    <ClInclude Include="src\backend\ethercat\ethercat_device_desc.h">
      <Filter>Fichiers d%27en-tête</Filter>
    </ClInclude>
    <ClInclude Include="src\backend\ethercat\ethercat_thread.h">
      <Filter>Fichiers d%27en-tête</Filter>
    </ClInclude>
    <ClInclude Include="src\backend\ethercat\ethercat_config.h">
      <Filter>Fichiers d%27en-tête</Filter>
    </ClInclude>
    <ClInclude Include="src\app\plc_tasks.h">
      <Filter>Fichiers d%27en-tête</Filter>
    </ClInclude>
    <ClInclude Include="src\config\system_config.h">
      <Filter>Fichiers d%27en-tête</Filter>
    </ClInclude>
    <ClInclude Include="src\core\device\device_desc.h">
      <Filter>Fichiers d%27en-tête</Filter>
    </ClInclude>
    <ClInclude Include="src\core\plateform\plateform.h">
      <Filter>Fichiers d%27en-tête</Filter>
    </ClInclude>
    <ClInclude Include="src\core\plateform\plateform_detect.h">
      <Filter>Fichiers d%27en-tête</Filter>
    </ClInclude>
    <ClInclude Include="src\core\plateform\win32\atomic.h">
      <Filter>Fichiers d%27en-tête</Filter>
    </ClInclude>
    <ClInclude Include="src\core\plateform\win32\sleep.h">
      <Filter>Fichiers d%27en-tête</Filter>
    </ClInclude>
    <ClInclude Include="src\core\plc\tags.h">
      <Filter>Fichiers d%27en-tête</Filter>
    </ClInclude>
    <ClInclude Include="src\core\scheduler\task.h">
      <Filter>Fichiers d%27en-tête</Filter>
    </ClInclude>
    <ClInclude Include="src\core\scheduler\scheduler.h">
      <Filter>Fichiers d%27en-tête</Filter>
    </ClInclude>
    <ClInclude Include="src\core\scheduler\scheduler_thread.h">
      <Filter>Fichiers d%27en-tête</Filter>
    </ClInclude>
    <ClInclude Include="src\core\time\time.h">
      <Filter>Fichiers d%27en-tête</Filter>
    </ClInclude>
    <ClInclude Include="src\core\plateform\win32\thread.h">
      <Filter>Fichiers d%27en-tête</Filter>
    </ClInclude>
    <ClInclude Include="src\core\plc\tags_desc.h">
      <Filter>Fichiers d%27en-tête</Filter>
    </ClInclude>
  </ItemGroup>
</Project>